
Microsoft Visual Studio Solution File, Format Version 12.00
# Visual Studio Version 17
VisualStudioVersion = 17.8.34330.188
MinimumVisualStudioVersion = 10.0.40219.1
Project("{FAE04EC0-301F-11D3-BF4B-00C04F79EFBC}") = "KampIntro", "KampIntro\KampIntro.csproj", "{39E440CA-9B6C-424F-8BFD-D7585FE56F31}"
EndProject
Project("{FAE04EC0-301F-11D3-BF4B-00C04F79EFBC}") = "ClassIntro", "ClassIntro\ClassIntro.csproj", "{4EF86996-01FC-4BD5-977F-4311D9843E46}"
EndProject
Project("{FAE04EC0-301F-11D3-BF4B-00C04F79EFBC}") = "Metotlar", "Metotlar\Metotlar.csproj", "{6D6C68C3-70F7-4E3B-8540-A30928AA3BA1}"
EndProject
Project("{FAE04EC0-301F-11D3-BF4B-00C04F79EFBC}") = "Koleksiyonlar", "Koleksiyonlar\Koleksiyonlar.csproj", "{8A8674F5-C910-4F37-A856-128C629F2A56}"
EndProject
Project("{FAE04EC0-301F-11D3-BF4B-00C04F79EFBC}") = "GenericsIntro", "GenericsIntro\GenericsIntro.csproj", "{02057363-A392-487E-B371-628D00B92028}"
EndProject
Project("{FAE04EC0-301F-11D3-BF4B-00C04F79EFBC}") = "MyDictionary", "MyDictionary\MyDictionary.csproj", "{F91E24FD-9735-442F-A32C-0A104350AAA2}"
EndProject
Project("{FAE04EC0-301F-11D3-BF4B-00C04F79EFBC}") = "ClassMetotDemo", "ClassMetotDemo\ClassMetotDemo.csproj", "{29684585-384D-47EE-9F65-ECBCCBB1C1F9}"
EndProject
Global
	GlobalSection(SolutionConfigurationPlatforms) = preSolution
		Debug|Any CPU = Debug|Any CPU
		Release|Any CPU = Release|Any CPU
	EndGlobalSection
	GlobalSection(ProjectConfigurationPlatforms) = postSolution
		{39E440CA-9B6C-424F-8BFD-D7585FE56F31}.Debug|Any CPU.ActiveCfg = Debug|Any CPU
		{39E440CA-9B6C-424F-8BFD-D7585FE56F31}.Debug|Any CPU.Build.0 = Debug|Any CPU
		{39E440CA-9B6C-424F-8BFD-D7585FE56F31}.Release|Any CPU.ActiveCfg = Release|Any CPU
		{39E440CA-9B6C-424F-8BFD-D7585FE56F31}.Release|Any CPU.Build.0 = Release|Any CPU
		{4EF86996-01FC-4BD5-977F-4311D9843E46}.Debug|Any CPU.ActiveCfg = Debug|Any CPU
		{4EF86996-01FC-4BD5-977F-4311D9843E46}.Debug|Any CPU.Build.0 = Debug|Any CPU
		{4EF86996-01FC-4BD5-977F-4311D9843E46}.Release|Any CPU.ActiveCfg = Release|Any CPU
		{4EF86996-01FC-4BD5-977F-4311D9843E46}.Release|Any CPU.Build.0 = Release|Any CPU
		{6D6C68C3-70F7-4E3B-8540-A30928AA3BA1}.Debug|Any CPU.ActiveCfg = Debug|Any CPU
		{6D6C68C3-70F7-4E3B-8540-A30928AA3BA1}.Debug|Any CPU.Build.0 = Debug|Any CPU
		{6D6C68C3-70F7-4E3B-8540-A30928AA3BA1}.Release|Any CPU.ActiveCfg = Release|Any CPU
		{6D6C68C3-70F7-4E3B-8540-A30928AA3BA1}.Release|Any CPU.Build.0 = Release|Any CPU
		{8A8674F5-C910-4F37-A856-128C629F2A56}.Debug|Any CPU.ActiveCfg = Debug|Any CPU
		{8A8674F5-C910-4F37-A856-128C629F2A56}.Debug|Any CPU.Build.0 = Debug|Any CPU
		{8A8674F5-C910-4F37-A856-128C629F2A56}.Release|Any CPU.ActiveCfg = Release|Any CPU
		{8A8674F5-C910-4F37-A856-128C629F2A56}.Release|Any CPU.Build.0 = Release|Any CPU
		{02057363-A392-487E-B371-628D00B92028}.Debug|Any CPU.ActiveCfg = Debug|Any CPU
		{02057363-A392-487E-B371-628D00B92028}.Debug|Any CPU.Build.0 = Debug|Any CPU
		{02057363-A392-487E-B371-628D00B92028}.Release|Any CPU.ActiveCfg = Release|Any CPU
		{02057363-A392-487E-B371-628D00B92028}.Release|Any CPU.Build.0 = Release|Any CPU
		{F91E24FD-9735-442F-A32C-0A104350AAA2}.Debug|Any CPU.ActiveCfg = Debug|Any CPU
		{F91E24FD-9735-442F-A32C-0A104350AAA2}.Debug|Any CPU.Build.0 = Debug|Any CPU
		{F91E24FD-9735-442F-A32C-0A104350AAA2}.Release|Any CPU.ActiveCfg = Release|Any CPU
		{F91E24FD-9735-442F-A32C-0A104350AAA2}.Release|Any CPU.Build.0 = Release|Any CPU
		{29684585-384D-47EE-9F65-ECBCCBB1C1F9}.Debug|Any CPU.ActiveCfg = Debug|Any CPU
		{29684585-384D-47EE-9F65-ECBCCBB1C1F9}.Debug|Any CPU.Build.0 = Debug|Any CPU
		{29684585-384D-47EE-9F65-ECBCCBB1C1F9}.Release|Any CPU.ActiveCfg = Release|Any CPU
		{29684585-384D-47EE-9F65-ECBCCBB1C1F9}.Release|Any CPU.Build.0 = Release|Any CPU
	EndGlobalSection
	GlobalSection(SolutionProperties) = preSolution
		HideSolutionNode = FALSE
	EndGlobalSection
	GlobalSection(ExtensibilityGlobals) = postSolution
		SolutionGuid = {09543617-2864-4CEA-8C63-9E741D03FF02}
	EndGlobalSection
EndGlobal
